// !$*UTF8*$!
{
	archiveVersion = 1;
	classes = {
	};
	objectVersion = 56;
	objects = {

/* Begin PBXBuildFile section */
		DB7542BD2B4B82FF00662DA9 /* ControlRentasApp.swift in Sources */ = {isa = PBXBuildFile; fileRef = DB7542BC2B4B82FF00662DA9 /* ControlRentasApp.swift */; };
		DB7542BF2B4B82FF00662DA9 /* ContentView.swift in Sources */ = {isa = PBXBuildFile; fileRef = DB7542BE2B4B82FF00662DA9 /* ContentView.swift */; };
		DB7542C12B4B830100662DA9 /* Assets.xcassets in Resources */ = {isa = PBXBuildFile; fileRef = DB7542C02B4B830100662DA9 /* Assets.xcassets */; };
		DB7542C42B4B830100662DA9 /* Preview Assets.xcassets in Resources */ = {isa = PBXBuildFile; fileRef = DB7542C32B4B830100662DA9 /* Preview Assets.xcassets */; };
		DB7542CB2B4B834700662DA9 /* Inquilino.swift in Sources */ = {isa = PBXBuildFile; fileRef = DB7542CA2B4B834700662DA9 /* Inquilino.swift */; };
		DB7542CD2B4B8EFF00662DA9 /* InquilinoCelda.swift in Sources */ = {isa = PBXBuildFile; fileRef = DB7542CC2B4B8EFF00662DA9 /* InquilinoCelda.swift */; };
		DB7542CF2B4B93FD00662DA9 /* PerfilInquilinoUIView.swift in Sources */ = {isa = PBXBuildFile; fileRef = DB7542CE2B4B93FD00662DA9 /* PerfilInquilinoUIView.swift */; };
		DB7542D12B4B9BC700662DA9 /* EditorPerfilUIView.swift in Sources */ = {isa = PBXBuildFile; fileRef = DB7542D02B4B9BC700662DA9 /* EditorPerfilUIView.swift */; };
		DB7542D32B4B9E4200662DA9 /* TicketRentaUIView.swift in Sources */ = {isa = PBXBuildFile; fileRef = DB7542D22B4B9E4200662DA9 /* TicketRentaUIView.swift */; };
		DB7542D52B4B9E5B00662DA9 /* FechaUIView.swift in Sources */ = {isa = PBXBuildFile; fileRef = DB7542D42B4B9E5B00662DA9 /* FechaUIView.swift */; };
		DB7542D72B4B9FC000662DA9 /* String+Extension.swift in Sources */ = {isa = PBXBuildFile; fileRef = DB7542D62B4B9FC000662DA9 /* String+Extension.swift */; };
		DB7542D92B4BA00A00662DA9 /* ReciboUIView.swift in Sources */ = {isa = PBXBuildFile; fileRef = DB7542D82B4BA00A00662DA9 /* ReciboUIView.swift */; };
		DB7542DB2B4BA66B00662DA9 /* DireccionUIView.swift in Sources */ = {isa = PBXBuildFile; fileRef = DB7542DA2B4BA66B00662DA9 /* DireccionUIView.swift */; };
		DB7B4A512B584AF200AFF011 /* CeldaNuevaUIView.swift in Sources */ = {isa = PBXBuildFile; fileRef = DB7B4A502B584AF200AFF011 /* CeldaNuevaUIView.swift */; };
		DB7B4A542B585A7300AFF011 /* CeldaNuevaViewModel.swift in Sources */ = {isa = PBXBuildFile; fileRef = DB7B4A532B585A7300AFF011 /* CeldaNuevaViewModel.swift */; };
		DB7B4A562B5899E100AFF011 /* BuscadorUIView.swift in Sources */ = {isa = PBXBuildFile; fileRef = DB7B4A552B5899E100AFF011 /* BuscadorUIView.swift */; };
/* End PBXBuildFile section */

/* Begin PBXFileReference section */
		DB7542B92B4B82FF00662DA9 /* ControlRentas.app */ = {isa = PBXFileReference; explicitFileType = wrapper.application; includeInIndex = 0; path = ControlRentas.app; sourceTree = BUILT_PRODUCTS_DIR; };
		DB7542BC2B4B82FF00662DA9 /* ControlRentasApp.swift */ = {isa = PBXFileReference; lastKnownFileType = sourcecode.swift; path = ControlRentasApp.swift; sourceTree = "<group>"; };
		DB7542BE2B4B82FF00662DA9 /* ContentView.swift */ = {isa = PBXFileReference; lastKnownFileType = sourcecode.swift; path = ContentView.swift; sourceTree = "<group>"; };
		DB7542C02B4B830100662DA9 /* Assets.xcassets */ = {isa = PBXFileReference; lastKnownFileType = folder.assetcatalog; path = Assets.xcassets; sourceTree = "<group>"; };
		DB7542C32B4B830100662DA9 /* Preview Assets.xcassets */ = {isa = PBXFileReference; lastKnownFileType = folder.assetcatalog; path = "Preview Assets.xcassets"; sourceTree = "<group>"; };
		DB7542CA2B4B834700662DA9 /* Inquilino.swift */ = {isa = PBXFileReference; lastKnownFileType = sourcecode.swift; path = Inquilino.swift; sourceTree = "<group>"; };
		DB7542CC2B4B8EFF00662DA9 /* InquilinoCelda.swift */ = {isa = PBXFileReference; lastKnownFileType = sourcecode.swift; path = InquilinoCelda.swift; sourceTree = "<group>"; };
		DB7542CE2B4B93FD00662DA9 /* PerfilInquilinoUIView.swift */ = {isa = PBXFileReference; lastKnownFileType = sourcecode.swift; path = PerfilInquilinoUIView.swift; sourceTree = "<group>"; };
		DB7542D02B4B9BC700662DA9 /* EditorPerfilUIView.swift */ = {isa = PBXFileReference; lastKnownFileType = sourcecode.swift; path = EditorPerfilUIView.swift; sourceTree = "<group>"; };
		DB7542D22B4B9E4200662DA9 /* TicketRentaUIView.swift */ = {isa = PBXFileReference; lastKnownFileType = sourcecode.swift; path = TicketRentaUIView.swift; sourceTree = "<group>"; };
		DB7542D42B4B9E5B00662DA9 /* FechaUIView.swift */ = {isa = PBXFileReference; lastKnownFileType = sourcecode.swift; path = FechaUIView.swift; sourceTree = "<group>"; };
		DB7542D62B4B9FC000662DA9 /* String+Extension.swift */ = {isa = PBXFileReference; lastKnownFileType = sourcecode.swift; path = "String+Extension.swift"; sourceTree = "<group>"; };
		DB7542D82B4BA00A00662DA9 /* ReciboUIView.swift */ = {isa = PBXFileReference; lastKnownFileType = sourcecode.swift; path = ReciboUIView.swift; sourceTree = "<group>"; };
		DB7542DA2B4BA66B00662DA9 /* DireccionUIView.swift */ = {isa = PBXFileReference; lastKnownFileType = sourcecode.swift; path = DireccionUIView.swift; sourceTree = "<group>"; };
		DB7B4A502B584AF200AFF011 /* CeldaNuevaUIView.swift */ = {isa = PBXFileReference; lastKnownFileType = sourcecode.swift; name = CeldaNuevaUIView.swift; path = ../CeldaNuevaUIView.swift; sourceTree = "<group>"; };
		DB7B4A532B585A7300AFF011 /* CeldaNuevaViewModel.swift */ = {isa = PBXFileReference; lastKnownFileType = sourcecode.swift; name = CeldaNuevaViewModel.swift; path = ../../CeldaNuevaViewModel.swift; sourceTree = "<group>"; };
		DB7B4A552B5899E100AFF011 /* BuscadorUIView.swift */ = {isa = PBXFileReference; lastKnownFileType = sourcecode.swift; name = BuscadorUIView.swift; path = ../BuscadorUIView.swift; sourceTree = "<group>"; };
/* End PBXFileReference section */

/* Begin PBXFrameworksBuildPhase section */
		DB7542B62B4B82FF00662DA9 /* Frameworks */ = {
			isa = PBXFrameworksBuildPhase;
			buildActionMask = 2147483647;
			files = (
			);
			runOnlyForDeploymentPostprocessing = 0;
		};
/* End PBXFrameworksBuildPhase section */

/* Begin PBXGroup section */
		DB7542B02B4B82FF00662DA9 = {
			isa = PBXGroup;
			children = (
				DB7542BB2B4B82FF00662DA9 /* ControlRentas */,
				DB7542BA2B4B82FF00662DA9 /* Products */,
			);
			sourceTree = "<group>";
		};
		DB7542BA2B4B82FF00662DA9 /* Products */ = {
			isa = PBXGroup;
			children = (
				DB7542B92B4B82FF00662DA9 /* ControlRentas.app */,
			);
			name = Products;
			sourceTree = "<group>";
		};
		DB7542BB2B4B82FF00662DA9 /* ControlRentas */ = {
			isa = PBXGroup;
			children = (
				DB7542BC2B4B82FF00662DA9 /* ControlRentasApp.swift */,
				DB7542BE2B4B82FF00662DA9 /* ContentView.swift */,
				DB7542C02B4B830100662DA9 /* Assets.xcassets */,
				DB7542C22B4B830100662DA9 /* Preview Content */,
				DB7542CA2B4B834700662DA9 /* Inquilino.swift */,
				DB7542CC2B4B8EFF00662DA9 /* InquilinoCelda.swift */,
				DB7542CE2B4B93FD00662DA9 /* PerfilInquilinoUIView.swift */,
				DB7542D02B4B9BC700662DA9 /* EditorPerfilUIView.swift */,
				DB7542D22B4B9E4200662DA9 /* TicketRentaUIView.swift */,
				DB7542D42B4B9E5B00662DA9 /* FechaUIView.swift */,
				DB7542D62B4B9FC000662DA9 /* String+Extension.swift */,
				DB7542D82B4BA00A00662DA9 /* ReciboUIView.swift */,
				DB7542DA2B4BA66B00662DA9 /* DireccionUIView.swift */,
				DB7B4A552B5899E100AFF011 /* BuscadorUIView.swift */,
				DB7B4A522B585A5000AFF011 /* New Group */,
			);
			path = ControlRentas;
			sourceTree = "<group>";
		};
		DB7542C22B4B830100662DA9 /* Preview Content */ = {
			isa = PBXGroup;
			children = (
				DB7542C32B4B830100662DA9 /* Preview Assets.xcassets */,
			);
			path = "Preview Content";
			sourceTree = "<group>";
		};
		DB7B4A522B585A5000AFF011 /* New Group */ = {
			isa = PBXGroup;
			children = (
				DB7B4A502B584AF200AFF011 /* CeldaNuevaUIView.swift */,
				DB7B4A532B585A7300AFF011 /* CeldaNuevaViewModel.swift */,
			);
			path = "New Group";
			sourceTree = "<group>";
		};
/* End PBXGroup section */

/* Begin PBXNativeTarget section */
		DB7542B82B4B82FF00662DA9 /* ControlRentas */ = {
			isa = PBXNativeTarget;
			buildConfigurationList = DB7542C72B4B830100662DA9 /* Build configuration list for PBXNativeTarget "ControlRentas" */;
			buildPhases = (
				DB7542B52B4B82FF00662DA9 /* Sources */,
				DB7542B62B4B82FF00662DA9 /* Frameworks */,
				DB7542B72B4B82FF00662DA9 /* Resources */,
			);
			buildRules = (
			);
			dependencies = (
			);
			name = ControlRentas;
			productName = ControlRentas;
			productReference = DB7542B92B4B82FF00662DA9 /* ControlRentas.app */;
			productType = "com.apple.product-type.application";
		};
/* End PBXNativeTarget section */

/* Begin PBXProject section */
		DB7542B12B4B82FF00662DA9 /* Project object */ = {
			isa = PBXProject;
			attributes = {
				BuildIndependentTargetsInParallel = 1;
				LastSwiftUpdateCheck = 1510;
				LastUpgradeCheck = 1510;
				TargetAttributes = {
					DB7542B82B4B82FF00662DA9 = {
						CreatedOnToolsVersion = 15.1;
					};
				};
			};
			buildConfigurationList = DB7542B42B4B82FF00662DA9 /* Build configuration list for PBXProject "ControlRentas" */;
			compatibilityVersion = "Xcode 14.0";
			developmentRegion = en;
			hasScannedForEncodings = 0;
			knownRegions = (
				en,
				Base,
			);
			mainGroup = DB7542B02B4B82FF00662DA9;
			productRefGroup = DB7542BA2B4B82FF00662DA9 /* Products */;
			projectDirPath = "";
			projectRoot = "";
			targets = (
				DB7542B82B4B82FF00662DA9 /* ControlRentas */,
			);
		};
/* End PBXProject section */

/* Begin PBXResourcesBuildPhase section */
		DB7542B72B4B82FF00662DA9 /* Resources */ = {
			isa = PBXResourcesBuildPhase;
			buildActionMask = 2147483647;
			files = (
				DB7542C42B4B830100662DA9 /* Preview Assets.xcassets in Resources */,
				DB7542C12B4B830100662DA9 /* Assets.xcassets in Resources */,
			);
			runOnlyForDeploymentPostprocessing = 0;
		};
/* End PBXResourcesBuildPhase section */

/* Begin PBXSourcesBuildPhase section */
		DB7542B52B4B82FF00662DA9 /* Sources */ = {
			isa = PBXSourcesBuildPhase;
			buildActionMask = 2147483647;
			files = (
				DB7542CF2B4B93FD00662DA9 /* PerfilInquilinoUIView.swift in Sources */,
				DB7542D72B4B9FC000662DA9 /* String+Extension.swift in Sources */,
				DB7542D92B4BA00A00662DA9 /* ReciboUIView.swift in Sources */,
				DB7B4A562B5899E100AFF011 /* BuscadorUIView.swift in Sources */,
				DB7542CD2B4B8EFF00662DA9 /* InquilinoCelda.swift in Sources */,
				DB7542BF2B4B82FF00662DA9 /* ContentView.swift in Sources */,
				DB7542D12B4B9BC700662DA9 /* EditorPerfilUIView.swift in Sources */,
				DB7542D52B4B9E5B00662DA9 /* FechaUIView.swift in Sources */,
				DB7542BD2B4B82FF00662DA9 /* ControlRentasApp.swift in Sources */,
				DB7B4A542B585A7300AFF011 /* CeldaNuevaViewModel.swift in Sources */,
				DB7542CB2B4B834700662DA9 /* Inquilino.swift in Sources */,
				DB7542DB2B4BA66B00662DA9 /* DireccionUIView.swift in Sources */,
				DB7B4A512B584AF200AFF011 /* CeldaNuevaUIView.swift in Sources */,
				DB7542D32B4B9E4200662DA9 /* TicketRentaUIView.swift in Sources */,
			);
			runOnlyForDeploymentPostprocessing = 0;
		};
/* End PBXSourcesBuildPhase section */

/* Begin XCBuildConfiguration section */
		DB7542C52B4B830100662DA9 /* Debug */ = {
			isa = XCBuildConfiguration;
			buildSettings = {
				ALWAYS_SEARCH_USER_PATHS = NO;
				ASSETCATALOG_COMPILER_GENERATE_SWIFT_ASSET_SYMBOL_EXTENSIONS = YES;
				CLANG_ANALYZER_NONNULL = YES;
				CLANG_ANALYZER_NUMBER_OBJECT_CONVERSION = YES_AGGRESSIVE;
				CLANG_CXX_LANGUAGE_STANDARD = "gnu++20";
				CLANG_ENABLE_MODULES = YES;
				CLANG_ENABLE_OBJC_ARC = YES;
				CLANG_ENABLE_OBJC_WEAK = YES;
				CLANG_WARN_BLOCK_CAPTURE_AUTORELEASING = YES;
				CLANG_WARN_BOOL_CONVERSION = YES;
				CLANG_WARN_COMMA = YES;
				CLANG_WARN_CONSTANT_CONVERSION = YES;
				CLANG_WARN_DEPRECATED_OBJC_IMPLEMENTATIONS = YES;
				CLANG_WARN_DIRECT_OBJC_ISA_USAGE = YES_ERROR;
				CLANG_WARN_DOCUMENTATION_COMMENTS = YES;
				CLANG_WARN_EMPTY_BODY = YES;
				CLANG_WARN_ENUM_CONVERSION = YES;
				CLANG_WARN_INFINITE_RECURSION = YES;
				CLANG_WARN_INT_CONVERSION = YES;
				CLANG_WARN_NON_LITERAL_NULL_CONVERSION = YES;
				CLANG_WARN_OBJC_IMPLICIT_RETAIN_SELF = YES;
				CLANG_WARN_OBJC_LITERAL_CONVERSION = YES;
				CLANG_WARN_OBJC_ROOT_CLASS = YES_ERROR;
				CLANG_WARN_QUOTED_INCLUDE_IN_FRAMEWORK_HEADER = YES;
				CLANG_WARN_RANGE_LOOP_ANALYSIS = YES;
				CLANG_WARN_STRICT_PROTOTYPES = YES;
				CLANG_WARN_SUSPICIOUS_MOVE = YES;
				CLANG_WARN_UNGUARDED_AVAILABILITY = YES_AGGRESSIVE;
				CLANG_WARN_UNREACHABLE_CODE = YES;
				CLANG_WARN__DUPLICATE_METHOD_MATCH = YES;
				COPY_PHASE_STRIP = NO;
				DEBUG_INFORMATION_FORMAT = dwarf;
				ENABLE_STRICT_OBJC_MSGSEND = YES;
				ENABLE_TESTABILITY = YES;
				ENABLE_USER_SCRIPT_SANDBOXING = YES;
				GCC_C_LANGUAGE_STANDARD = gnu17;
				GCC_DYNAMIC_NO_PIC = NO;
				GCC_NO_COMMON_BLOCKS = YES;
				GCC_OPTIMIZATION_LEVEL = 0;
				GCC_PREPROCESSOR_DEFINITIONS = (
					"DEBUG=1",
					"$(inherited)",
				);
				GCC_WARN_64_TO_32_BIT_CONVERSION = YES;
				GCC_WARN_ABOUT_RETURN_TYPE = YES_ERROR;
				GCC_WARN_UNDECLARED_SELECTOR = YES;
				GCC_WARN_UNINITIALIZED_AUTOS = YES_AGGRESSIVE;
				GCC_WARN_UNUSED_FUNCTION = YES;
				GCC_WARN_UNUSED_VARIABLE = YES;
				IPHONEOS_DEPLOYMENT_TARGET = 17.2;
				LOCALIZATION_PREFERS_STRING_CATALOGS = YES;
				MTL_ENABLE_DEBUG_INFO = INCLUDE_SOURCE;
				MTL_FAST_MATH = YES;
				ONLY_ACTIVE_ARCH = YES;
				SDKROOT = iphoneos;
				SWIFT_ACTIVE_COMPILATION_CONDITIONS = "DEBUG $(inherited)";
				SWIFT_OPTIMIZATION_LEVEL = "-Onone";
			};
			name = Debug;
		};
		DB7542C62B4B830100662DA9 /* Release */ = {
			isa = XCBuildConfiguration;
			buildSettings = {
				ALWAYS_SEARCH_USER_PATHS = NO;
				ASSETCATALOG_COMPILER_GENERATE_SWIFT_ASSET_SYMBOL_EXTENSIONS = YES;
				CLANG_ANALYZER_NONNULL = YES;
				CLANG_ANALYZER_NUMBER_OBJECT_CONVERSION = YES_AGGRESSIVE;
				CLANG_CXX_LANGUAGE_STANDARD = "gnu++20";
				CLANG_ENABLE_MODULES = YES;
				CLANG_ENABLE_OBJC_ARC = YES;
				CLANG_ENABLE_OBJC_WEAK = YES;
				CLANG_WARN_BLOCK_CAPTURE_AUTORELEASING = YES;
				CLANG_WARN_BOOL_CONVERSION = YES;
				CLANG_WARN_COMMA = YES;
				CLANG_WARN_CONSTANT_CONVERSION = YES;
				CLANG_WARN_DEPRECATED_OBJC_IMPLEMENTATIONS = YES;
				CLANG_WARN_DIRECT_OBJC_ISA_USAGE = YES_ERROR;
				CLANG_WARN_DOCUMENTATION_COMMENTS = YES;
				CLANG_WARN_EMPTY_BODY = YES;
				CLANG_WARN_ENUM_CONVERSION = YES;
				CLANG_WARN_INFINITE_RECURSION = YES;
				CLANG_WARN_INT_CONVERSION = YES;
				CLANG_WARN_NON_LITERAL_NULL_CONVERSION = YES;
				CLANG_WARN_OBJC_IMPLICIT_RETAIN_SELF = YES;
				CLANG_WARN_OBJC_LITERAL_CONVERSION = YES;
				CLANG_WARN_OBJC_ROOT_CLASS = YES_ERROR;
				CLANG_WARN_QUOTED_INCLUDE_IN_FRAMEWORK_HEADER = YES;
				CLANG_WARN_RANGE_LOOP_ANALYSIS = YES;
				CLANG_WARN_STRICT_PROTOTYPES = YES;
				CLANG_WARN_SUSPICIOUS_MOVE = YES;
				CLANG_WARN_UNGUARDED_AVAILABILITY = YES_AGGRESSIVE;
				CLANG_WARN_UNREACHABLE_CODE = YES;
				CLANG_WARN__DUPLICATE_METHOD_MATCH = YES;
				COPY_PHASE_STRIP = NO;
				DEBUG_INFORMATION_FORMAT = "dwarf-with-dsym";
				ENABLE_NS_ASSERTIONS = NO;
				ENABLE_STRICT_OBJC_MSGSEND = YES;
				ENABLE_USER_SCRIPT_SANDBOXING = YES;
				GCC_C_LANGUAGE_STANDARD = gnu17;
				GCC_NO_COMMON_BLOCKS = YES;
				GCC_WARN_64_TO_32_BIT_CONVERSION = YES;
				GCC_WARN_ABOUT_RETURN_TYPE = YES_ERROR;
				GCC_WARN_UNDECLARED_SELECTOR = YES;
				GCC_WARN_UNINITIALIZED_AUTOS = YES_AGGRESSIVE;
				GCC_WARN_UNUSED_FUNCTION = YES;
				GCC_WARN_UNUSED_VARIABLE = YES;
				IPHONEOS_DEPLOYMENT_TARGET = 17.2;
				LOCALIZATION_PREFERS_STRING_CATALOGS = YES;
				MTL_ENABLE_DEBUG_INFO = NO;
				MTL_FAST_MATH = YES;
				SDKROOT = iphoneos;
				SWIFT_COMPILATION_MODE = wholemodule;
				VALIDATE_PRODUCT = YES;
			};
			name = Release;
		};
		DB7542C82B4B830100662DA9 /* Debug */ = {
			isa = XCBuildConfiguration;
			buildSettings = {
				ASSETCATALOG_COMPILER_APPICON_NAME = AppIcon;
				ASSETCATALOG_COMPILER_GLOBAL_ACCENT_COLOR_NAME = AccentColor;
				CODE_SIGN_STYLE = Automatic;
				CURRENT_PROJECT_VERSION = 1;
				DEVELOPMENT_ASSET_PATHS = "\"ControlRentas/Preview Content\"";
				DEVELOPMENT_TEAM = 8V8ZQ8R5D9;
				ENABLE_PREVIEWS = YES;
				GENERATE_INFOPLIST_FILE = YES;
				INFOPLIST_KEY_UIApplicationSceneManifest_Generation = YES;
				INFOPLIST_KEY_UIApplicationSupportsIndirectInputEvents = YES;
				INFOPLIST_KEY_UILaunchScreen_Generation = YES;
				INFOPLIST_KEY_UISupportedInterfaceOrientations_iPad = "UIInterfaceOrientationPortrait UIInterfaceOrientationPortraitUpsideDown UIInterfaceOrientationLandscapeLeft UIInterfaceOrientationLandscapeRight";
				INFOPLIST_KEY_UISupportedInterfaceOrientations_iPhone = "UIInterfaceOrientationPortrait UIInterfaceOrientationLandscapeLeft UIInterfaceOrientationLandscapeRight";
				LD_RUNPATH_SEARCH_PATHS = (
					"$(inherited)",
					"@executable_path/Frameworks",
				);
				MARKETING_VERSION = 1.0;
				PRODUCT_BUNDLE_IDENTIFIER = com.dlichz.ControlRentas;
				PRODUCT_NAME = "$(TARGET_NAME)";
				SWIFT_EMIT_LOC_STRINGS = YES;
				SWIFT_VERSION = 5.0;
				TARGETED_DEVICE_FAMILY = "1,2";
			};
			name = Debug;
		};
		DB7542C92B4B830100662DA9 /* Release */ = {
			isa = XCBuildConfiguration;
			buildSettings = {
				ASSETCATALOG_COMPILER_APPICON_NAME = AppIcon;
				ASSETCATALOG_COMPILER_GLOBAL_ACCENT_COLOR_NAME = AccentColor;
				CODE_SIGN_STYLE = Automatic;
				CURRENT_PROJECT_VERSION = 1;
				DEVELOPMENT_ASSET_PATHS = "\"ControlRentas/Preview Content\"";
				DEVELOPMENT_TEAM = 8V8ZQ8R5D9;
				ENABLE_PREVIEWS = YES;
				GENERATE_INFOPLIST_FILE = YES;
				INFOPLIST_KEY_UIApplicationSceneManifest_Generation = YES;
				INFOPLIST_KEY_UIApplicationSupportsIndirectInputEvents = YES;
				INFOPLIST_KEY_UILaunchScreen_Generation = YES;
				INFOPLIST_KEY_UISupportedInterfaceOrientations_iPad = "UIInterfaceOrientationPortrait UIInterfaceOrientationPortraitUpsideDown UIInterfaceOrientationLandscapeLeft UIInterfaceOrientationLandscapeRight";
				INFOPLIST_KEY_UISupportedInterfaceOrientations_iPhone = "UIInterfaceOrientationPortrait UIInterfaceOrientationLandscapeLeft UIInterfaceOrientationLandscapeRight";
				LD_RUNPATH_SEARCH_PATHS = (
					"$(inherited)",
					"@executable_path/Frameworks",
				);
				MARKETING_VERSION = 1.0;
				PRODUCT_BUNDLE_IDENTIFIER = com.dlichz.ControlRentas;
				PRODUCT_NAME = "$(TARGET_NAME)";
				SWIFT_EMIT_LOC_STRINGS = YES;
				SWIFT_VERSION = 5.0;
				TARGETED_DEVICE_FAMILY = "1,2";
			};
			name = Release;
		};
/* End XCBuildConfiguration section */

/* Begin XCConfigurationList section */
		DB7542B42B4B82FF00662DA9 /* Build configuration list for PBXProject "ControlRentas" */ = {
			isa = XCConfigurationList;
			buildConfigurations = (
				DB7542C52B4B830100662DA9 /* Debug */,
				DB7542C62B4B830100662DA9 /* Release */,
			);
			defaultConfigurationIsVisible = 0;
			defaultConfigurationName = Release;
		};
		DB7542C72B4B830100662DA9 /* Build configuration list for PBXNativeTarget "ControlRentas" */ = {
			isa = XCConfigurationList;
			buildConfigurations = (
				DB7542C82B4B830100662DA9 /* Debug */,
				DB7542C92B4B830100662DA9 /* Release */,
			);
			defaultConfigurationIsVisible = 0;
			defaultConfigurationName = Release;
		};
/* End XCConfigurationList section */
	};
	rootObject = DB7542B12B4B82FF00662DA9 /* Project object */;
}
